// !$*UTF8*$!
{
	archiveVersion = 1;
	classes = {
	};
	objectVersion = 60;
	objects = {

/* Begin PBXBuildFile section */
		4E0A2BD02C50DC7A0031B7A1 /* HistoryView.swift in Sources */ = {isa = PBXBuildFile; fileRef = 4E0A2BCF2C50DC7A0031B7A1 /* HistoryView.swift */; };
		4E0A2BD22C50E2710031B7A1 /* History.swift in Sources */ = {isa = PBXBuildFile; fileRef = 4E0A2BD12C50E2710031B7A1 /* History.swift */; };
		4E0A2BD42C50E4630031B7A1 /* HistoryModel.swift in Sources */ = {isa = PBXBuildFile; fileRef = 4E0A2BD32C50E4630031B7A1 /* HistoryModel.swift */; };
		4E0A2BD62C50E7B30031B7A1 /* HistoryDetailView.swift in Sources */ = {isa = PBXBuildFile; fileRef = 4E0A2BD52C50E7B20031B7A1 /* HistoryDetailView.swift */; };
		4E19DA582C39296C008AE90A /* doctor_aiApp.swift in Sources */ = {isa = PBXBuildFile; fileRef = 4E19DA572C39296C008AE90A /* doctor_aiApp.swift */; };
		4E19DA5A2C39296C008AE90A /* Persistence.swift in Sources */ = {isa = PBXBuildFile; fileRef = 4E19DA592C39296C008AE90A /* Persistence.swift */; };
		4E19DA5D2C39296C008AE90A /* doctor_ai.xcdatamodeld in Sources */ = {isa = PBXBuildFile; fileRef = 4E19DA5B2C39296C008AE90A /* doctor_ai.xcdatamodeld */; };
		4E19DA5F2C39296C008AE90A /* ContentView.swift in Sources */ = {isa = PBXBuildFile; fileRef = 4E19DA5E2C39296C008AE90A /* ContentView.swift */; };
		4E19DA612C39296D008AE90A /* Assets.xcassets in Resources */ = {isa = PBXBuildFile; fileRef = 4E19DA602C39296D008AE90A /* Assets.xcassets */; };
		4E19DA652C39296D008AE90A /* Preview Assets.xcassets in Resources */ = {isa = PBXBuildFile; fileRef = 4E19DA642C39296D008AE90A /* Preview Assets.xcassets */; };
		4E19DA6F2C39296D008AE90A /* doctor_aiTests.swift in Sources */ = {isa = PBXBuildFile; fileRef = 4E19DA6E2C39296D008AE90A /* doctor_aiTests.swift */; };
		4E19DA792C39296D008AE90A /* doctor_aiUITests.swift in Sources */ = {isa = PBXBuildFile; fileRef = 4E19DA782C39296D008AE90A /* doctor_aiUITests.swift */; };
		4E19DA7B2C39296D008AE90A /* doctor_aiUITestsLaunchTests.swift in Sources */ = {isa = PBXBuildFile; fileRef = 4E19DA7A2C39296D008AE90A /* doctor_aiUITestsLaunchTests.swift */; };
		4E19DA982C392F9A008AE90A /* HomeView.swift in Sources */ = {isa = PBXBuildFile; fileRef = 4E19DA972C392F9A008AE90A /* HomeView.swift */; };
		4E19DA9A2C392FDF008AE90A /* Match.swift in Sources */ = {isa = PBXBuildFile; fileRef = 4E19DA992C392FDF008AE90A /* Match.swift */; };
		4E19DA9C2C39302A008AE90A /* TestnameModel.swift in Sources */ = {isa = PBXBuildFile; fileRef = 4E19DA9B2C39302A008AE90A /* TestnameModel.swift */; };
		4E19DA9E2C393796008AE90A /* TestresultModel.swift in Sources */ = {isa = PBXBuildFile; fileRef = 4E19DA9D2C393796008AE90A /* TestresultModel.swift */; };
		4E19DAA02C3937CE008AE90A /* TestmatchModel.swift in Sources */ = {isa = PBXBuildFile; fileRef = 4E19DA9F2C3937CE008AE90A /* TestmatchModel.swift */; };
		4E19DAA42C393920008AE90A /* OnboardingView.swift in Sources */ = {isa = PBXBuildFile; fileRef = 4E19DAA32C393920008AE90A /* OnboardingView.swift */; };
		4E19DAA62C393965008AE90A /* OnboardingIntroView.swift in Sources */ = {isa = PBXBuildFile; fileRef = 4E19DAA52C393965008AE90A /* OnboardingIntroView.swift */; };
		4E19DAA82C3939EB008AE90A /* ReportView.swift in Sources */ = {isa = PBXBuildFile; fileRef = 4E19DAA72C3939EB008AE90A /* ReportView.swift */; };
		4E19DAAA2C394039008AE90A /* HomeDetailView.swift in Sources */ = {isa = PBXBuildFile; fileRef = 4E19DAA92C394039008AE90A /* HomeDetailView.swift */; };
		4E2A192A2C539C8D00080B99 /* HomeOneView.swift in Sources */ = {isa = PBXBuildFile; fileRef = 4E2A19292C539C8D00080B99 /* HomeOneView.swift */; };
		4E2A192C2C53A0BE00080B99 /* HomeTwoView.swift in Sources */ = {isa = PBXBuildFile; fileRef = 4E2A192B2C53A0BE00080B99 /* HomeTwoView.swift */; };
		4E2A192E2C53A73500080B99 /* DemoReportView.swift in Sources */ = {isa = PBXBuildFile; fileRef = 4E2A192D2C53A73500080B99 /* DemoReportView.swift */; };
		4E3B47B42C3D3AD9003C105B /* Profile.swift in Sources */ = {isa = PBXBuildFile; fileRef = 4E3B47B32C3D3AD9003C105B /* Profile.swift */; };
		4E5A55512C54EB19003307CC /* DemoHistoryView.swift in Sources */ = {isa = PBXBuildFile; fileRef = 4E5A55502C54EB19003307CC /* DemoHistoryView.swift */; };
		4E5A55532C54ED61003307CC /* DemoHistoryDetailView.swift in Sources */ = {isa = PBXBuildFile; fileRef = 4E5A55522C54ED61003307CC /* DemoHistoryDetailView.swift */; };
		4E5A55552C54F8A7003307CC /* DemoProfileView.swift in Sources */ = {isa = PBXBuildFile; fileRef = 4E5A55542C54F8A7003307CC /* DemoProfileView.swift */; };
		4E5A55572C54FAE9003307CC /* DemoProfileDetailView.swift in Sources */ = {isa = PBXBuildFile; fileRef = 4E5A55562C54FAE9003307CC /* DemoProfileDetailView.swift */; };
		4E6B4E0A2C57D36A00D7D3D1 /* Supabase in Frameworks */ = {isa = PBXBuildFile; productRef = 4E6B4E092C57D36A00D7D3D1 /* Supabase */; };
		4E6B56D32C39857E00830C0E /* ItemModel.swift in Sources */ = {isa = PBXBuildFile; fileRef = 4E6B56D22C39857E00830C0E /* ItemModel.swift */; };
		4E6B663B2C3971410088E1F5 /* ReportDetailView.swift in Sources */ = {isa = PBXBuildFile; fileRef = 4E6B663A2C3971410088E1F5 /* ReportDetailView.swift */; };
		4E6E54562C3983E90073FD54 /* Testmatch+CoreDataProperties.swift in Sources */ = {isa = PBXBuildFile; fileRef = 4E6E54512C3983E90073FD54 /* Testmatch+CoreDataProperties.swift */; };
		4E6E54572C3983E90073FD54 /* Testresult+CoreDataClass.swift in Sources */ = {isa = PBXBuildFile; fileRef = 4E6E54542C3983E90073FD54 /* Testresult+CoreDataClass.swift */; };
		4E6E54582C3983E90073FD54 /* Testresult+CoreDataProperties.swift in Sources */ = {isa = PBXBuildFile; fileRef = 4E6E54552C3983E90073FD54 /* Testresult+CoreDataProperties.swift */; };
		4E6E54592C3983E90073FD54 /* Testmatch+CoreDataClass.swift in Sources */ = {isa = PBXBuildFile; fileRef = 4E6E54502C3983E90073FD54 /* Testmatch+CoreDataClass.swift */; };
		4E6E545A2C3983E90073FD54 /* Testname+CoreDataClass.swift in Sources */ = {isa = PBXBuildFile; fileRef = 4E6E54522C3983E90073FD54 /* Testname+CoreDataClass.swift */; };
		4E6E545B2C3983E90073FD54 /* Item+CoreDataClass.swift in Sources */ = {isa = PBXBuildFile; fileRef = 4E6E544E2C3983E90073FD54 /* Item+CoreDataClass.swift */; };
		4E6E545C2C3983E90073FD54 /* Testname+CoreDataProperties.swift in Sources */ = {isa = PBXBuildFile; fileRef = 4E6E54532C3983E90073FD54 /* Testname+CoreDataProperties.swift */; };
		4E6E545D2C3983E90073FD54 /* Item+CoreDataProperties.swift in Sources */ = {isa = PBXBuildFile; fileRef = 4E6E544F2C3983E90073FD54 /* Item+CoreDataProperties.swift */; };
		4E86205A2C94422E00883F12 /* README.md in Resources */ = {isa = PBXBuildFile; fileRef = 4E8620592C94422E00883F12 /* README.md */; };
		4E8E2AC92C552E2F000782F3 /* ProfileDetailThreeView.swift in Sources */ = {isa = PBXBuildFile; fileRef = 4E8E2AC82C552E2F000782F3 /* ProfileDetailThreeView.swift */; };
		4EB137DA2C56463B00C0CA57 /* HomeOneDocView.swift in Sources */ = {isa = PBXBuildFile; fileRef = 4EB137D92C56463A00C0CA57 /* HomeOneDocView.swift */; };
		4EBA17192C5396D500E4EE8E /* DemoContentView.swift in Sources */ = {isa = PBXBuildFile; fileRef = 4EBA17182C5396D500E4EE8E /* DemoContentView.swift */; };
		4EC9A1142C55274F0073E07C /* ProfileDetailTwoView.swift in Sources */ = {isa = PBXBuildFile; fileRef = 4EC9A1132C55274F0073E07C /* ProfileDetailTwoView.swift */; };
		4ECD80162C575AB500DB85E6 /* Testbatch+CoreDataClass.swift in Sources */ = {isa = PBXBuildFile; fileRef = 4ECD80142C575AB500DB85E6 /* Testbatch+CoreDataClass.swift */; };
		4ECD80172C575AB500DB85E6 /* Testbatch+CoreDataProperties.swift in Sources */ = {isa = PBXBuildFile; fileRef = 4ECD80152C575AB500DB85E6 /* Testbatch+CoreDataProperties.swift */; };
		4ECD80192C575ADE00DB85E6 /* TestbatchModel.swift in Sources */ = {isa = PBXBuildFile; fileRef = 4ECD80182C575ADE00DB85E6 /* TestbatchModel.swift */; };
		4EDD19A82C53C39B00425045 /* DemoReportDetailView.swift in Sources */ = {isa = PBXBuildFile; fileRef = 4EDD19A72C53C39B00425045 /* DemoReportDetailView.swift */; };
		4EE19B1A2C538946009BE615 /* Demomatch+CoreDataProperties.swift in Sources */ = {isa = PBXBuildFile; fileRef = 4EE19B192C538946009BE615 /* Demomatch+CoreDataProperties.swift */; };
		4EE19B1B2C538946009BE615 /* Demomatch+CoreDataClass.swift in Sources */ = {isa = PBXBuildFile; fileRef = 4EE19B182C538946009BE615 /* Demomatch+CoreDataClass.swift */; };
		4EE19B1D2C5389AE009BE615 /* DemomatchModel.swift in Sources */ = {isa = PBXBuildFile; fileRef = 4EE19B1C2C5389AE009BE615 /* DemomatchModel.swift */; };
		4EF687862C3C0F5C0039643C /* ProfileView.swift in Sources */ = {isa = PBXBuildFile; fileRef = 4EF687852C3C0F5C0039643C /* ProfileView.swift */; };
		4EF687882C3C1AB60039643C /* ProfileDetailOneView.swift in Sources */ = {isa = PBXBuildFile; fileRef = 4EF687872C3C1AB60039643C /* ProfileDetailOneView.swift */; };
/* End PBXBuildFile section */

/* Begin PBXContainerItemProxy section */
		4E19DA6B2C39296D008AE90A /* PBXContainerItemProxy */ = {
			isa = PBXContainerItemProxy;
			containerPortal = 4E19DA4C2C39296C008AE90A /* Project object */;
			proxyType = 1;
			remoteGlobalIDString = 4E19DA532C39296C008AE90A;
			remoteInfo = "doctor-ai";
		};
		4E19DA752C39296D008AE90A /* PBXContainerItemProxy */ = {
			isa = PBXContainerItemProxy;
			containerPortal = 4E19DA4C2C39296C008AE90A /* Project object */;
			proxyType = 1;
			remoteGlobalIDString = 4E19DA532C39296C008AE90A;
			remoteInfo = "doctor-ai";
		};
/* End PBXContainerItemProxy section */

/* Begin PBXFileReference section */
		4E0A2BCF2C50DC7A0031B7A1 /* HistoryView.swift */ = {isa = PBXFileReference; lastKnownFileType = sourcecode.swift; path = HistoryView.swift; sourceTree = "<group>"; };
		4E0A2BD12C50E2710031B7A1 /* History.swift */ = {isa = PBXFileReference; lastKnownFileType = sourcecode.swift; path = History.swift; sourceTree = "<group>"; };
		4E0A2BD32C50E4630031B7A1 /* HistoryModel.swift */ = {isa = PBXFileReference; lastKnownFileType = sourcecode.swift; path = HistoryModel.swift; sourceTree = "<group>"; };
		4E0A2BD52C50E7B20031B7A1 /* HistoryDetailView.swift */ = {isa = PBXFileReference; lastKnownFileType = sourcecode.swift; path = HistoryDetailView.swift; sourceTree = "<group>"; };
		4E19DA542C39296C008AE90A /* doctor-ai.app */ = {isa = PBXFileReference; explicitFileType = wrapper.application; includeInIndex = 0; path = "doctor-ai.app"; sourceTree = BUILT_PRODUCTS_DIR; };
		4E19DA572C39296C008AE90A /* doctor_aiApp.swift */ = {isa = PBXFileReference; lastKnownFileType = sourcecode.swift; path = doctor_aiApp.swift; sourceTree = "<group>"; };
		4E19DA592C39296C008AE90A /* Persistence.swift */ = {isa = PBXFileReference; lastKnownFileType = sourcecode.swift; path = Persistence.swift; sourceTree = "<group>"; };
		4E19DA5C2C39296C008AE90A /* doctor_ai.xcdatamodel */ = {isa = PBXFileReference; lastKnownFileType = wrapper.xcdatamodel; path = doctor_ai.xcdatamodel; sourceTree = "<group>"; };
		4E19DA5E2C39296C008AE90A /* ContentView.swift */ = {isa = PBXFileReference; lastKnownFileType = sourcecode.swift; path = ContentView.swift; sourceTree = "<group>"; };
		4E19DA602C39296D008AE90A /* Assets.xcassets */ = {isa = PBXFileReference; lastKnownFileType = folder.assetcatalog; path = Assets.xcassets; sourceTree = "<group>"; };
		4E19DA622C39296D008AE90A /* doctor_ai.entitlements */ = {isa = PBXFileReference; lastKnownFileType = text.plist.entitlements; path = doctor_ai.entitlements; sourceTree = "<group>"; };
		4E19DA642C39296D008AE90A /* Preview Assets.xcassets */ = {isa = PBXFileReference; lastKnownFileType = folder.assetcatalog; path = "Preview Assets.xcassets"; sourceTree = "<group>"; };
		4E19DA6A2C39296D008AE90A /* doctor-aiTests.xctest */ = {isa = PBXFileReference; explicitFileType = wrapper.cfbundle; includeInIndex = 0; path = "doctor-aiTests.xctest"; sourceTree = BUILT_PRODUCTS_DIR; };
		4E19DA6E2C39296D008AE90A /* doctor_aiTests.swift */ = {isa = PBXFileReference; lastKnownFileType = sourcecode.swift; path = doctor_aiTests.swift; sourceTree = "<group>"; };
		4E19DA742C39296D008AE90A /* doctor-aiUITests.xctest */ = {isa = PBXFileReference; explicitFileType = wrapper.cfbundle; includeInIndex = 0; path = "doctor-aiUITests.xctest"; sourceTree = BUILT_PRODUCTS_DIR; };
		4E19DA782C39296D008AE90A /* doctor_aiUITests.swift */ = {isa = PBXFileReference; lastKnownFileType = sourcecode.swift; path = doctor_aiUITests.swift; sourceTree = "<group>"; };
		4E19DA7A2C39296D008AE90A /* doctor_aiUITestsLaunchTests.swift */ = {isa = PBXFileReference; lastKnownFileType = sourcecode.swift; path = doctor_aiUITestsLaunchTests.swift; sourceTree = "<group>"; };
		4E19DA972C392F9A008AE90A /* HomeView.swift */ = {isa = PBXFileReference; lastKnownFileType = sourcecode.swift; path = HomeView.swift; sourceTree = "<group>"; };
		4E19DA992C392FDF008AE90A /* Match.swift */ = {isa = PBXFileReference; lastKnownFileType = sourcecode.swift; path = Match.swift; sourceTree = "<group>"; };
		4E19DA9B2C39302A008AE90A /* TestnameModel.swift */ = {isa = PBXFileReference; lastKnownFileType = sourcecode.swift; path = TestnameModel.swift; sourceTree = "<group>"; };
		4E19DA9D2C393796008AE90A /* TestresultModel.swift */ = {isa = PBXFileReference; lastKnownFileType = sourcecode.swift; path = TestresultModel.swift; sourceTree = "<group>"; };
		4E19DA9F2C3937CE008AE90A /* TestmatchModel.swift */ = {isa = PBXFileReference; lastKnownFileType = sourcecode.swift; path = TestmatchModel.swift; sourceTree = "<group>"; };
		4E19DAA32C393920008AE90A /* OnboardingView.swift */ = {isa = PBXFileReference; lastKnownFileType = sourcecode.swift; path = OnboardingView.swift; sourceTree = "<group>"; };
		4E19DAA52C393965008AE90A /* OnboardingIntroView.swift */ = {isa = PBXFileReference; lastKnownFileType = sourcecode.swift; path = OnboardingIntroView.swift; sourceTree = "<group>"; };
		4E19DAA72C3939EB008AE90A /* ReportView.swift */ = {isa = PBXFileReference; lastKnownFileType = sourcecode.swift; path = ReportView.swift; sourceTree = "<group>"; };
		4E19DAA92C394039008AE90A /* HomeDetailView.swift */ = {isa = PBXFileReference; lastKnownFileType = sourcecode.swift; path = HomeDetailView.swift; sourceTree = "<group>"; };
		4E2A19292C539C8D00080B99 /* HomeOneView.swift */ = {isa = PBXFileReference; lastKnownFileType = sourcecode.swift; path = HomeOneView.swift; sourceTree = "<group>"; };
		4E2A192B2C53A0BE00080B99 /* HomeTwoView.swift */ = {isa = PBXFileReference; lastKnownFileType = sourcecode.swift; path = HomeTwoView.swift; sourceTree = "<group>"; };
		4E2A192D2C53A73500080B99 /* DemoReportView.swift */ = {isa = PBXFileReference; lastKnownFileType = sourcecode.swift; path = DemoReportView.swift; sourceTree = "<group>"; };
		4E3B47B32C3D3AD9003C105B /* Profile.swift */ = {isa = PBXFileReference; lastKnownFileType = sourcecode.swift; path = Profile.swift; sourceTree = "<group>"; };
		4E5A55502C54EB19003307CC /* DemoHistoryView.swift */ = {isa = PBXFileReference; lastKnownFileType = sourcecode.swift; path = DemoHistoryView.swift; sourceTree = "<group>"; };
		4E5A55522C54ED61003307CC /* DemoHistoryDetailView.swift */ = {isa = PBXFileReference; lastKnownFileType = sourcecode.swift; path = DemoHistoryDetailView.swift; sourceTree = "<group>"; };
		4E5A55542C54F8A7003307CC /* DemoProfileView.swift */ = {isa = PBXFileReference; lastKnownFileType = sourcecode.swift; path = DemoProfileView.swift; sourceTree = "<group>"; };
		4E5A55562C54FAE9003307CC /* DemoProfileDetailView.swift */ = {isa = PBXFileReference; lastKnownFileType = sourcecode.swift; path = DemoProfileDetailView.swift; sourceTree = "<group>"; };
		4E6B56D22C39857E00830C0E /* ItemModel.swift */ = {isa = PBXFileReference; lastKnownFileType = sourcecode.swift; path = ItemModel.swift; sourceTree = "<group>"; };
		4E6B663A2C3971410088E1F5 /* ReportDetailView.swift */ = {isa = PBXFileReference; lastKnownFileType = sourcecode.swift; path = ReportDetailView.swift; sourceTree = "<group>"; };
		4E6E544E2C3983E90073FD54 /* Item+CoreDataClass.swift */ = {isa = PBXFileReference; lastKnownFileType = sourcecode.swift; path = "Item+CoreDataClass.swift"; sourceTree = "<group>"; };
		4E6E544F2C3983E90073FD54 /* Item+CoreDataProperties.swift */ = {isa = PBXFileReference; lastKnownFileType = sourcecode.swift; path = "Item+CoreDataProperties.swift"; sourceTree = "<group>"; };
		4E6E54502C3983E90073FD54 /* Testmatch+CoreDataClass.swift */ = {isa = PBXFileReference; lastKnownFileType = sourcecode.swift; path = "Testmatch+CoreDataClass.swift"; sourceTree = "<group>"; };
		4E6E54512C3983E90073FD54 /* Testmatch+CoreDataProperties.swift */ = {isa = PBXFileReference; lastKnownFileType = sourcecode.swift; path = "Testmatch+CoreDataProperties.swift"; sourceTree = "<group>"; };
		4E6E54522C3983E90073FD54 /* Testname+CoreDataClass.swift */ = {isa = PBXFileReference; lastKnownFileType = sourcecode.swift; path = "Testname+CoreDataClass.swift"; sourceTree = "<group>"; };
		4E6E54532C3983E90073FD54 /* Testname+CoreDataProperties.swift */ = {isa = PBXFileReference; lastKnownFileType = sourcecode.swift; path = "Testname+CoreDataProperties.swift"; sourceTree = "<group>"; };
		4E6E54542C3983E90073FD54 /* Testresult+CoreDataClass.swift */ = {isa = PBXFileReference; lastKnownFileType = sourcecode.swift; path = "Testresult+CoreDataClass.swift"; sourceTree = "<group>"; };
		4E6E54552C3983E90073FD54 /* Testresult+CoreDataProperties.swift */ = {isa = PBXFileReference; lastKnownFileType = sourcecode.swift; path = "Testresult+CoreDataProperties.swift"; sourceTree = "<group>"; };
		4E8620592C94422E00883F12 /* README.md */ = {isa = PBXFileReference; lastKnownFileType = net.daringfireball.markdown; path = README.md; sourceTree = "<group>"; };
		4E8E2AC82C552E2F000782F3 /* ProfileDetailThreeView.swift */ = {isa = PBXFileReference; lastKnownFileType = sourcecode.swift; path = ProfileDetailThreeView.swift; sourceTree = "<group>"; };
		4EB137D92C56463A00C0CA57 /* HomeOneDocView.swift */ = {isa = PBXFileReference; lastKnownFileType = sourcecode.swift; path = HomeOneDocView.swift; sourceTree = "<group>"; };
		4EBA17182C5396D500E4EE8E /* DemoContentView.swift */ = {isa = PBXFileReference; lastKnownFileType = sourcecode.swift; path = DemoContentView.swift; sourceTree = "<group>"; };
		4EC9A1132C55274F0073E07C /* ProfileDetailTwoView.swift */ = {isa = PBXFileReference; lastKnownFileType = sourcecode.swift; path = ProfileDetailTwoView.swift; sourceTree = "<group>"; };
		4ECD80142C575AB500DB85E6 /* Testbatch+CoreDataClass.swift */ = {isa = PBXFileReference; lastKnownFileType = sourcecode.swift; path = "Testbatch+CoreDataClass.swift"; sourceTree = "<group>"; };
		4ECD80152C575AB500DB85E6 /* Testbatch+CoreDataProperties.swift */ = {isa = PBXFileReference; lastKnownFileType = sourcecode.swift; path = "Testbatch+CoreDataProperties.swift"; sourceTree = "<group>"; };
		4ECD80182C575ADE00DB85E6 /* TestbatchModel.swift */ = {isa = PBXFileReference; lastKnownFileType = sourcecode.swift; path = TestbatchModel.swift; sourceTree = "<group>"; };
		4EDD19A72C53C39B00425045 /* DemoReportDetailView.swift */ = {isa = PBXFileReference; lastKnownFileType = sourcecode.swift; path = DemoReportDetailView.swift; sourceTree = "<group>"; };
		4EE19B182C538946009BE615 /* Demomatch+CoreDataClass.swift */ = {isa = PBXFileReference; lastKnownFileType = sourcecode.swift; path = "Demomatch+CoreDataClass.swift"; sourceTree = "<group>"; };
		4EE19B192C538946009BE615 /* Demomatch+CoreDataProperties.swift */ = {isa = PBXFileReference; lastKnownFileType = sourcecode.swift; path = "Demomatch+CoreDataProperties.swift"; sourceTree = "<group>"; };
		4EE19B1C2C5389AE009BE615 /* DemomatchModel.swift */ = {isa = PBXFileReference; lastKnownFileType = sourcecode.swift; path = DemomatchModel.swift; sourceTree = "<group>"; };
		4EF687852C3C0F5C0039643C /* ProfileView.swift */ = {isa = PBXFileReference; lastKnownFileType = sourcecode.swift; path = ProfileView.swift; sourceTree = "<group>"; };
		4EF687872C3C1AB60039643C /* ProfileDetailOneView.swift */ = {isa = PBXFileReference; lastKnownFileType = sourcecode.swift; path = ProfileDetailOneView.swift; sourceTree = "<group>"; };
/* End PBXFileReference section */

/* Begin PBXFrameworksBuildPhase section */
		4E19DA512C39296C008AE90A /* Frameworks */ = {
			isa = PBXFrameworksBuildPhase;
			buildActionMask = 2147483647;
			files = (
				4E6B4E0A2C57D36A00D7D3D1 /* Supabase in Frameworks */,
			);
			runOnlyForDeploymentPostprocessing = 0;
		};
		4E19DA672C39296D008AE90A /* Frameworks */ = {
			isa = PBXFrameworksBuildPhase;
			buildActionMask = 2147483647;
			files = (
			);
			runOnlyForDeploymentPostprocessing = 0;
		};
		4E19DA712C39296D008AE90A /* Frameworks */ = {
			isa = PBXFrameworksBuildPhase;
			buildActionMask = 2147483647;
			files = (
			);
			runOnlyForDeploymentPostprocessing = 0;
		};
/* End PBXFrameworksBuildPhase section */

/* Begin PBXGroup section */
		4E19DA4B2C39296C008AE90A = {
			isa = PBXGroup;
			children = (
				4E8620592C94422E00883F12 /* README.md */,
				4E19DA562C39296C008AE90A /* doctor-ai */,
				4E19DA6D2C39296D008AE90A /* doctor-aiTests */,
				4E19DA772C39296D008AE90A /* doctor-aiUITests */,
				4E19DA552C39296C008AE90A /* Products */,
				4E6B4E082C57D36A00D7D3D1 /* Frameworks */,
			);
			sourceTree = "<group>";
		};
		4E19DA552C39296C008AE90A /* Products */ = {
			isa = PBXGroup;
			children = (
				4E19DA542C39296C008AE90A /* doctor-ai.app */,
				4E19DA6A2C39296D008AE90A /* doctor-aiTests.xctest */,
				4E19DA742C39296D008AE90A /* doctor-aiUITests.xctest */,
			);
			name = Products;
			sourceTree = "<group>";
		};
		4E19DA562C39296C008AE90A /* doctor-ai */ = {
			isa = PBXGroup;
			children = (
				4ECD80142C575AB500DB85E6 /* Testbatch+CoreDataClass.swift */,
				4ECD80152C575AB500DB85E6 /* Testbatch+CoreDataProperties.swift */,
				4EE19B182C538946009BE615 /* Demomatch+CoreDataClass.swift */,
				4EE19B192C538946009BE615 /* Demomatch+CoreDataProperties.swift */,
				4E6E544E2C3983E90073FD54 /* Item+CoreDataClass.swift */,
				4E6E544F2C3983E90073FD54 /* Item+CoreDataProperties.swift */,
				4E6E54502C3983E90073FD54 /* Testmatch+CoreDataClass.swift */,
				4E6E54512C3983E90073FD54 /* Testmatch+CoreDataProperties.swift */,
				4E6E54522C3983E90073FD54 /* Testname+CoreDataClass.swift */,
				4E6E54532C3983E90073FD54 /* Testname+CoreDataProperties.swift */,
				4E6E54542C3983E90073FD54 /* Testresult+CoreDataClass.swift */,
				4E6E54552C3983E90073FD54 /* Testresult+CoreDataProperties.swift */,
				4E19DA572C39296C008AE90A /* doctor_aiApp.swift */,
				4E19DA592C39296C008AE90A /* Persistence.swift */,
				4E19DAA32C393920008AE90A /* OnboardingView.swift */,
				4E19DAA52C393965008AE90A /* OnboardingIntroView.swift */,
				4E19DA5E2C39296C008AE90A /* ContentView.swift */,
				4EBA17182C5396D500E4EE8E /* DemoContentView.swift */,
				4E19DA972C392F9A008AE90A /* HomeView.swift */,
				4E2A19292C539C8D00080B99 /* HomeOneView.swift */,
				4EB137D92C56463A00C0CA57 /* HomeOneDocView.swift */,
				4E2A192B2C53A0BE00080B99 /* HomeTwoView.swift */,
				4E19DAA92C394039008AE90A /* HomeDetailView.swift */,
				4E19DAA72C3939EB008AE90A /* ReportView.swift */,
				4E6B663A2C3971410088E1F5 /* ReportDetailView.swift */,
				4E2A192D2C53A73500080B99 /* DemoReportView.swift */,
				4EDD19A72C53C39B00425045 /* DemoReportDetailView.swift */,
				4E0A2BCF2C50DC7A0031B7A1 /* HistoryView.swift */,
				4E0A2BD52C50E7B20031B7A1 /* HistoryDetailView.swift */,
				4E5A55502C54EB19003307CC /* DemoHistoryView.swift */,
				4E5A55522C54ED61003307CC /* DemoHistoryDetailView.swift */,
				4EF687852C3C0F5C0039643C /* ProfileView.swift */,
				4EF687872C3C1AB60039643C /* ProfileDetailOneView.swift */,
				4EC9A1132C55274F0073E07C /* ProfileDetailTwoView.swift */,
				4E8E2AC82C552E2F000782F3 /* ProfileDetailThreeView.swift */,
				4E5A55542C54F8A7003307CC /* DemoProfileView.swift */,
				4E5A55562C54FAE9003307CC /* DemoProfileDetailView.swift */,
				4E6B56D22C39857E00830C0E /* ItemModel.swift */,
				4E19DA9B2C39302A008AE90A /* TestnameModel.swift */,
				4E19DA9D2C393796008AE90A /* TestresultModel.swift */,
				4ECD80182C575ADE00DB85E6 /* TestbatchModel.swift */,
				4E19DA9F2C3937CE008AE90A /* TestmatchModel.swift */,
				4EE19B1C2C5389AE009BE615 /* DemomatchModel.swift */,
				4E19DA992C392FDF008AE90A /* Match.swift */,
				4E3B47B32C3D3AD9003C105B /* Profile.swift */,
				4E0A2BD32C50E4630031B7A1 /* HistoryModel.swift */,
				4E0A2BD12C50E2710031B7A1 /* History.swift */,
				4E19DA602C39296D008AE90A /* Assets.xcassets */,
				4E19DA622C39296D008AE90A /* doctor_ai.entitlements */,
				4E19DA5B2C39296C008AE90A /* doctor_ai.xcdatamodeld */,
				4E19DA632C39296D008AE90A /* Preview Content */,
			);
			path = "doctor-ai";
			sourceTree = "<group>";
		};
		4E19DA632C39296D008AE90A /* Preview Content */ = {
			isa = PBXGroup;
			children = (
				4E19DA642C39296D008AE90A /* Preview Assets.xcassets */,
			);
			path = "Preview Content";
			sourceTree = "<group>";
		};
		4E19DA6D2C39296D008AE90A /* doctor-aiTests */ = {
			isa = PBXGroup;
			children = (
				4E19DA6E2C39296D008AE90A /* doctor_aiTests.swift */,
			);
			path = "doctor-aiTests";
			sourceTree = "<group>";
		};
		4E19DA772C39296D008AE90A /* doctor-aiUITests */ = {
			isa = PBXGroup;
			children = (
				4E19DA782C39296D008AE90A /* doctor_aiUITests.swift */,
				4E19DA7A2C39296D008AE90A /* doctor_aiUITestsLaunchTests.swift */,
			);
			path = "doctor-aiUITests";
			sourceTree = "<group>";
		};
		4E6B4E082C57D36A00D7D3D1 /* Frameworks */ = {
			isa = PBXGroup;
			children = (
			);
			name = Frameworks;
			sourceTree = "<group>";
		};
/* End PBXGroup section */

/* Begin PBXNativeTarget section */
		4E19DA532C39296C008AE90A /* doctor-ai */ = {
			isa = PBXNativeTarget;
			buildConfigurationList = 4E19DA7E2C39296D008AE90A /* Build configuration list for PBXNativeTarget "doctor-ai" */;
			buildPhases = (
				4E19DA502C39296C008AE90A /* Sources */,
				4E19DA512C39296C008AE90A /* Frameworks */,
				4E19DA522C39296C008AE90A /* Resources */,
			);
			buildRules = (
			);
			dependencies = (
			);
			name = "doctor-ai";
			packageProductDependencies = (
				4E6B4E092C57D36A00D7D3D1 /* Supabase */,
			);
			productName = "doctor-ai";
			productReference = 4E19DA542C39296C008AE90A /* doctor-ai.app */;
			productType = "com.apple.product-type.application";
		};
		4E19DA692C39296D008AE90A /* doctor-aiTests */ = {
			isa = PBXNativeTarget;
			buildConfigurationList = 4E19DA812C39296D008AE90A /* Build configuration list for PBXNativeTarget "doctor-aiTests" */;
			buildPhases = (
				4E19DA662C39296D008AE90A /* Sources */,
				4E19DA672C39296D008AE90A /* Frameworks */,
				4E19DA682C39296D008AE90A /* Resources */,
			);
			buildRules = (
			);
			dependencies = (
				4E19DA6C2C39296D008AE90A /* PBXTargetDependency */,
			);
			name = "doctor-aiTests";
			productName = "doctor-aiTests";
			productReference = 4E19DA6A2C39296D008AE90A /* doctor-aiTests.xctest */;
			productType = "com.apple.product-type.bundle.unit-test";
		};
		4E19DA732C39296D008AE90A /* doctor-aiUITests */ = {
			isa = PBXNativeTarget;
			buildConfigurationList = 4E19DA842C39296D008AE90A /* Build configuration list for PBXNativeTarget "doctor-aiUITests" */;
			buildPhases = (
				4E19DA702C39296D008AE90A /* Sources */,
				4E19DA712C39296D008AE90A /* Frameworks */,
				4E19DA722C39296D008AE90A /* Resources */,
			);
			buildRules = (
			);
			dependencies = (
				4E19DA762C39296D008AE90A /* PBXTargetDependency */,
			);
			name = "doctor-aiUITests";
			productName = "doctor-aiUITests";
			productReference = 4E19DA742C39296D008AE90A /* doctor-aiUITests.xctest */;
			productType = "com.apple.product-type.bundle.ui-testing";
		};
/* End PBXNativeTarget section */

/* Begin PBXProject section */
		4E19DA4C2C39296C008AE90A /* Project object */ = {
			isa = PBXProject;
			attributes = {
				BuildIndependentTargetsInParallel = 1;
				LastSwiftUpdateCheck = 1600;
				LastUpgradeCheck = 1600;
				TargetAttributes = {
					4E19DA532C39296C008AE90A = {
						CreatedOnToolsVersion = 16.0;
					};
					4E19DA692C39296D008AE90A = {
						CreatedOnToolsVersion = 16.0;
						TestTargetID = 4E19DA532C39296C008AE90A;
					};
					4E19DA732C39296D008AE90A = {
						CreatedOnToolsVersion = 16.0;
						TestTargetID = 4E19DA532C39296C008AE90A;
					};
				};
			};
			buildConfigurationList = 4E19DA4F2C39296C008AE90A /* Build configuration list for PBXProject "doctor-ai" */;
			compatibilityVersion = "Xcode 15.0";
			developmentRegion = en;
			hasScannedForEncodings = 0;
			knownRegions = (
				en,
				Base,
			);
			mainGroup = 4E19DA4B2C39296C008AE90A;
			packageReferences = (
				4E6B4E052C57CD5800D7D3D1 /* XCRemoteSwiftPackageReference "supabase-swift" */,
			);
			productRefGroup = 4E19DA552C39296C008AE90A /* Products */;
			projectDirPath = "";
			projectRoot = "";
			targets = (
				4E19DA532C39296C008AE90A /* doctor-ai */,
				4E19DA692C39296D008AE90A /* doctor-aiTests */,
				4E19DA732C39296D008AE90A /* doctor-aiUITests */,
			);
		};
/* End PBXProject section */

/* Begin PBXResourcesBuildPhase section */
		4E19DA522C39296C008AE90A /* Resources */ = {
			isa = PBXResourcesBuildPhase;
			buildActionMask = 2147483647;
			files = (
				4E86205A2C94422E00883F12 /* README.md in Resources */,
				4E19DA652C39296D008AE90A /* Preview Assets.xcassets in Resources */,
				4E19DA612C39296D008AE90A /* Assets.xcassets in Resources */,
			);
			runOnlyForDeploymentPostprocessing = 0;
		};
		4E19DA682C39296D008AE90A /* Resources */ = {
			isa = PBXResourcesBuildPhase;
			buildActionMask = 2147483647;
			files = (
			);
			runOnlyForDeploymentPostprocessing = 0;
		};
		4E19DA722C39296D008AE90A /* Resources */ = {
			isa = PBXResourcesBuildPhase;
			buildActionMask = 2147483647;
			files = (
			);
			runOnlyForDeploymentPostprocessing = 0;
		};
/* End PBXResourcesBuildPhase section */

/* Begin PBXSourcesBuildPhase section */
		4E19DA502C39296C008AE90A /* Sources */ = {
			isa = PBXSourcesBuildPhase;
			buildActionMask = 2147483647;
			files = (
				4E19DA9E2C393796008AE90A /* TestresultModel.swift in Sources */,
				4E2A192C2C53A0BE00080B99 /* HomeTwoView.swift in Sources */,
				4E19DA582C39296C008AE90A /* doctor_aiApp.swift in Sources */,
				4E19DAA02C3937CE008AE90A /* TestmatchModel.swift in Sources */,
				4E2A192E2C53A73500080B99 /* DemoReportView.swift in Sources */,
				4E0A2BD62C50E7B30031B7A1 /* HistoryDetailView.swift in Sources */,
				4E5A55512C54EB19003307CC /* DemoHistoryView.swift in Sources */,
				4E19DA982C392F9A008AE90A /* HomeView.swift in Sources */,
				4E19DA9C2C39302A008AE90A /* TestnameModel.swift in Sources */,
				4E0A2BD02C50DC7A0031B7A1 /* HistoryView.swift in Sources */,
				4E5A55532C54ED61003307CC /* DemoHistoryDetailView.swift in Sources */,
				4E19DAA82C3939EB008AE90A /* ReportView.swift in Sources */,
				4E19DAA42C393920008AE90A /* OnboardingView.swift in Sources */,
				4EE19B1A2C538946009BE615 /* Demomatch+CoreDataProperties.swift in Sources */,
				4EE19B1B2C538946009BE615 /* Demomatch+CoreDataClass.swift in Sources */,
				4E5A55572C54FAE9003307CC /* DemoProfileDetailView.swift in Sources */,
				4EB137DA2C56463B00C0CA57 /* HomeOneDocView.swift in Sources */,
				4E19DAA62C393965008AE90A /* OnboardingIntroView.swift in Sources */,
				4EDD19A82C53C39B00425045 /* DemoReportDetailView.swift in Sources */,
				4E6B56D32C39857E00830C0E /* ItemModel.swift in Sources */,
				4ECD80162C575AB500DB85E6 /* Testbatch+CoreDataClass.swift in Sources */,
				4ECD80172C575AB500DB85E6 /* Testbatch+CoreDataProperties.swift in Sources */,
				4E5A55552C54F8A7003307CC /* DemoProfileView.swift in Sources */,
				4EE19B1D2C5389AE009BE615 /* DemomatchModel.swift in Sources */,
				4EF687882C3C1AB60039643C /* ProfileDetailOneView.swift in Sources */,
				4E19DA5D2C39296C008AE90A /* doctor_ai.xcdatamodeld in Sources */,
				4EF687862C3C0F5C0039643C /* ProfileView.swift in Sources */,
				4E0A2BD42C50E4630031B7A1 /* HistoryModel.swift in Sources */,
				4E6E54562C3983E90073FD54 /* Testmatch+CoreDataProperties.swift in Sources */,
				4E3B47B42C3D3AD9003C105B /* Profile.swift in Sources */,
				4E6E54572C3983E90073FD54 /* Testresult+CoreDataClass.swift in Sources */,
				4E6E54582C3983E90073FD54 /* Testresult+CoreDataProperties.swift in Sources */,
				4E6E54592C3983E90073FD54 /* Testmatch+CoreDataClass.swift in Sources */,
				4E6E545A2C3983E90073FD54 /* Testname+CoreDataClass.swift in Sources */,
				4ECD80192C575ADE00DB85E6 /* TestbatchModel.swift in Sources */,
				4E6E545B2C3983E90073FD54 /* Item+CoreDataClass.swift in Sources */,
				4E0A2BD22C50E2710031B7A1 /* History.swift in Sources */,
				4E6E545C2C3983E90073FD54 /* Testname+CoreDataProperties.swift in Sources */,
				4E6E545D2C3983E90073FD54 /* Item+CoreDataProperties.swift in Sources */,
				4E6B663B2C3971410088E1F5 /* ReportDetailView.swift in Sources */,
				4EBA17192C5396D500E4EE8E /* DemoContentView.swift in Sources */,
				4E19DA5F2C39296C008AE90A /* ContentView.swift in Sources */,
				4EC9A1142C55274F0073E07C /* ProfileDetailTwoView.swift in Sources */,
				4E19DA5A2C39296C008AE90A /* Persistence.swift in Sources */,
				4E19DAAA2C394039008AE90A /* HomeDetailView.swift in Sources */,
				4E2A192A2C539C8D00080B99 /* HomeOneView.swift in Sources */,
				4E8E2AC92C552E2F000782F3 /* ProfileDetailThreeView.swift in Sources */,
				4E19DA9A2C392FDF008AE90A /* Match.swift in Sources */,
			);
			runOnlyForDeploymentPostprocessing = 0;
		};
		4E19DA662C39296D008AE90A /* Sources */ = {
			isa = PBXSourcesBuildPhase;
			buildActionMask = 2147483647;
			files = (
				4E19DA6F2C39296D008AE90A /* doctor_aiTests.swift in Sources */,
			);
			runOnlyForDeploymentPostprocessing = 0;
		};
		4E19DA702C39296D008AE90A /* Sources */ = {
			isa = PBXSourcesBuildPhase;
			buildActionMask = 2147483647;
			files = (
				4E19DA792C39296D008AE90A /* doctor_aiUITests.swift in Sources */,
				4E19DA7B2C39296D008AE90A /* doctor_aiUITestsLaunchTests.swift in Sources */,
			);
			runOnlyForDeploymentPostprocessing = 0;
		};
/* End PBXSourcesBuildPhase section */

/* Begin PBXTargetDependency section */
		4E19DA6C2C39296D008AE90A /* PBXTargetDependency */ = {
			isa = PBXTargetDependency;
			target = 4E19DA532C39296C008AE90A /* doctor-ai */;
			targetProxy = 4E19DA6B2C39296D008AE90A /* PBXContainerItemProxy */;
		};
		4E19DA762C39296D008AE90A /* PBXTargetDependency */ = {
			isa = PBXTargetDependency;
			target = 4E19DA532C39296C008AE90A /* doctor-ai */;
			targetProxy = 4E19DA752C39296D008AE90A /* PBXContainerItemProxy */;
		};
/* End PBXTargetDependency section */

/* Begin XCBuildConfiguration section */
		4E19DA7C2C39296D008AE90A /* Debug */ = {
			isa = XCBuildConfiguration;
			buildSettings = {
				ALWAYS_SEARCH_USER_PATHS = NO;
				ASSETCATALOG_COMPILER_GENERATE_SWIFT_ASSET_SYMBOL_EXTENSIONS = YES;
				CLANG_ANALYZER_NONNULL = YES;
				CLANG_ANALYZER_NUMBER_OBJECT_CONVERSION = YES_AGGRESSIVE;
				CLANG_CXX_LANGUAGE_STANDARD = "gnu++20";
				CLANG_ENABLE_MODULES = YES;
				CLANG_ENABLE_OBJC_ARC = YES;
				CLANG_ENABLE_OBJC_WEAK = YES;
				CLANG_WARN_BLOCK_CAPTURE_AUTORELEASING = YES;
				CLANG_WARN_BOOL_CONVERSION = YES;
				CLANG_WARN_COMMA = YES;
				CLANG_WARN_CONSTANT_CONVERSION = YES;
				CLANG_WARN_DEPRECATED_OBJC_IMPLEMENTATIONS = YES;
				CLANG_WARN_DIRECT_OBJC_ISA_USAGE = YES_ERROR;
				CLANG_WARN_DOCUMENTATION_COMMENTS = YES;
				CLANG_WARN_EMPTY_BODY = YES;
				CLANG_WARN_ENUM_CONVERSION = YES;
				CLANG_WARN_INFINITE_RECURSION = YES;
				CLANG_WARN_INT_CONVERSION = YES;
				CLANG_WARN_NON_LITERAL_NULL_CONVERSION = YES;
				CLANG_WARN_OBJC_IMPLICIT_RETAIN_SELF = YES;
				CLANG_WARN_OBJC_LITERAL_CONVERSION = YES;
				CLANG_WARN_OBJC_ROOT_CLASS = YES_ERROR;
				CLANG_WARN_QUOTED_INCLUDE_IN_FRAMEWORK_HEADER = YES;
				CLANG_WARN_RANGE_LOOP_ANALYSIS = YES;
				CLANG_WARN_STRICT_PROTOTYPES = YES;
				CLANG_WARN_SUSPICIOUS_MOVE = YES;
				CLANG_WARN_UNGUARDED_AVAILABILITY = YES_AGGRESSIVE;
				CLANG_WARN_UNREACHABLE_CODE = YES;
				CLANG_WARN__DUPLICATE_METHOD_MATCH = YES;
				COPY_PHASE_STRIP = NO;
				DEBUG_INFORMATION_FORMAT = dwarf;
				ENABLE_STRICT_OBJC_MSGSEND = YES;
				ENABLE_TESTABILITY = YES;
				ENABLE_USER_SCRIPT_SANDBOXING = YES;
				GCC_C_LANGUAGE_STANDARD = gnu17;
				GCC_DYNAMIC_NO_PIC = NO;
				GCC_NO_COMMON_BLOCKS = YES;
				GCC_OPTIMIZATION_LEVEL = 0;
				GCC_PREPROCESSOR_DEFINITIONS = (
					"DEBUG=1",
					"$(inherited)",
				);
				GCC_WARN_64_TO_32_BIT_CONVERSION = YES;
				GCC_WARN_ABOUT_RETURN_TYPE = YES_ERROR;
				GCC_WARN_UNDECLARED_SELECTOR = YES;
				GCC_WARN_UNINITIALIZED_AUTOS = YES_AGGRESSIVE;
				GCC_WARN_UNUSED_FUNCTION = YES;
				GCC_WARN_UNUSED_VARIABLE = YES;
				LOCALIZATION_PREFERS_STRING_CATALOGS = YES;
				MTL_ENABLE_DEBUG_INFO = INCLUDE_SOURCE;
				MTL_FAST_MATH = YES;
				ONLY_ACTIVE_ARCH = YES;
				SWIFT_ACTIVE_COMPILATION_CONDITIONS = "DEBUG $(inherited)";
				SWIFT_OPTIMIZATION_LEVEL = "-Onone";
			};
			name = Debug;
		};
		4E19DA7D2C39296D008AE90A /* Release */ = {
			isa = XCBuildConfiguration;
			buildSettings = {
				ALWAYS_SEARCH_USER_PATHS = NO;
				ASSETCATALOG_COMPILER_GENERATE_SWIFT_ASSET_SYMBOL_EXTENSIONS = YES;
				CLANG_ANALYZER_NONNULL = YES;
				CLANG_ANALYZER_NUMBER_OBJECT_CONVERSION = YES_AGGRESSIVE;
				CLANG_CXX_LANGUAGE_STANDARD = "gnu++20";
				CLANG_ENABLE_MODULES = YES;
				CLANG_ENABLE_OBJC_ARC = YES;
				CLANG_ENABLE_OBJC_WEAK = YES;
				CLANG_WARN_BLOCK_CAPTURE_AUTORELEASING = YES;
				CLANG_WARN_BOOL_CONVERSION = YES;
				CLANG_WARN_COMMA = YES;
				CLANG_WARN_CONSTANT_CONVERSION = YES;
				CLANG_WARN_DEPRECATED_OBJC_IMPLEMENTATIONS = YES;
				CLANG_WARN_DIRECT_OBJC_ISA_USAGE = YES_ERROR;
				CLANG_WARN_DOCUMENTATION_COMMENTS = YES;
				CLANG_WARN_EMPTY_BODY = YES;
				CLANG_WARN_ENUM_CONVERSION = YES;
				CLANG_WARN_INFINITE_RECURSION = YES;
				CLANG_WARN_INT_CONVERSION = YES;
				CLANG_WARN_NON_LITERAL_NULL_CONVERSION = YES;
				CLANG_WARN_OBJC_IMPLICIT_RETAIN_SELF = YES;
				CLANG_WARN_OBJC_LITERAL_CONVERSION = YES;
				CLANG_WARN_OBJC_ROOT_CLASS = YES_ERROR;
				CLANG_WARN_QUOTED_INCLUDE_IN_FRAMEWORK_HEADER = YES;
				CLANG_WARN_RANGE_LOOP_ANALYSIS = YES;
				CLANG_WARN_STRICT_PROTOTYPES = YES;
				CLANG_WARN_SUSPICIOUS_MOVE = YES;
				CLANG_WARN_UNGUARDED_AVAILABILITY = YES_AGGRESSIVE;
				CLANG_WARN_UNREACHABLE_CODE = YES;
				CLANG_WARN__DUPLICATE_METHOD_MATCH = YES;
				COPY_PHASE_STRIP = NO;
				DEBUG_INFORMATION_FORMAT = "dwarf-with-dsym";
				ENABLE_NS_ASSERTIONS = NO;
				ENABLE_STRICT_OBJC_MSGSEND = YES;
				ENABLE_USER_SCRIPT_SANDBOXING = YES;
				GCC_C_LANGUAGE_STANDARD = gnu17;
				GCC_NO_COMMON_BLOCKS = YES;
				GCC_WARN_64_TO_32_BIT_CONVERSION = YES;
				GCC_WARN_ABOUT_RETURN_TYPE = YES_ERROR;
				GCC_WARN_UNDECLARED_SELECTOR = YES;
				GCC_WARN_UNINITIALIZED_AUTOS = YES_AGGRESSIVE;
				GCC_WARN_UNUSED_FUNCTION = YES;
				GCC_WARN_UNUSED_VARIABLE = YES;
				LOCALIZATION_PREFERS_STRING_CATALOGS = YES;
				MTL_ENABLE_DEBUG_INFO = NO;
				MTL_FAST_MATH = YES;
				SWIFT_COMPILATION_MODE = wholemodule;
			};
			name = Release;
		};
		4E19DA7F2C39296D008AE90A /* Debug */ = {
			isa = XCBuildConfiguration;
			buildSettings = {
				ASSETCATALOG_COMPILER_APPICON_NAME = AppIcon;
				ASSETCATALOG_COMPILER_GLOBAL_ACCENT_COLOR_NAME = AccentColor;
				CODE_SIGN_ENTITLEMENTS = "doctor-ai/doctor_ai.entitlements";
				CODE_SIGN_STYLE = Automatic;
				CURRENT_PROJECT_VERSION = 1;
				DEVELOPMENT_ASSET_PATHS = "\"doctor-ai/Preview Content\"";
				DEVELOPMENT_TEAM = ZVEFPT99T5;
				ENABLE_HARDENED_RUNTIME = YES;
				ENABLE_PREVIEWS = YES;
				GENERATE_INFOPLIST_FILE = YES;
				INFOPLIST_KEY_NSCameraUsageDescription = "We need access to the camera to allow you to capture images for medical reports.";
				"INFOPLIST_KEY_UIApplicationSceneManifest_Generation[sdk=iphoneos*]" = YES;
				"INFOPLIST_KEY_UIApplicationSceneManifest_Generation[sdk=iphonesimulator*]" = YES;
				"INFOPLIST_KEY_UIApplicationSupportsIndirectInputEvents[sdk=iphoneos*]" = YES;
				"INFOPLIST_KEY_UIApplicationSupportsIndirectInputEvents[sdk=iphonesimulator*]" = YES;
				"INFOPLIST_KEY_UILaunchScreen_Generation[sdk=iphoneos*]" = YES;
				"INFOPLIST_KEY_UILaunchScreen_Generation[sdk=iphonesimulator*]" = YES;
				"INFOPLIST_KEY_UIStatusBarStyle[sdk=iphoneos*]" = UIStatusBarStyleDefault;
				"INFOPLIST_KEY_UIStatusBarStyle[sdk=iphonesimulator*]" = UIStatusBarStyleDefault;
				INFOPLIST_KEY_UISupportedInterfaceOrientations_iPad = "UIInterfaceOrientationPortrait UIInterfaceOrientationPortraitUpsideDown UIInterfaceOrientationLandscapeLeft UIInterfaceOrientationLandscapeRight";
				INFOPLIST_KEY_UISupportedInterfaceOrientations_iPhone = "UIInterfaceOrientationPortrait UIInterfaceOrientationLandscapeLeft UIInterfaceOrientationLandscapeRight";
				IPHONEOS_DEPLOYMENT_TARGET = 17.0;
				LD_RUNPATH_SEARCH_PATHS = "@executable_path/Frameworks";
				"LD_RUNPATH_SEARCH_PATHS[sdk=macosx*]" = "@executable_path/../Frameworks";
				MACOSX_DEPLOYMENT_TARGET = 14.0;
				MARKETING_VERSION = 1.0;
				PRODUCT_BUNDLE_IDENTIFIER = "cogniti-sense.doctor-ai";
				PRODUCT_NAME = "$(TARGET_NAME)";
				SDKROOT = auto;
				SUPPORTED_PLATFORMS = "iphoneos iphonesimulator macosx xros xrsimulator";
				SWIFT_EMIT_LOC_STRINGS = YES;
				SWIFT_VERSION = 5.0;
				TARGETED_DEVICE_FAMILY = "1,2,7";
				XROS_DEPLOYMENT_TARGET = 1.2;
			};
			name = Debug;
		};
		4E19DA802C39296D008AE90A /* Release */ = {
			isa = XCBuildConfiguration;
			buildSettings = {
				ASSETCATALOG_COMPILER_APPICON_NAME = AppIcon;
				ASSETCATALOG_COMPILER_GLOBAL_ACCENT_COLOR_NAME = AccentColor;
				CODE_SIGN_ENTITLEMENTS = "doctor-ai/doctor_ai.entitlements";
				CODE_SIGN_STYLE = Automatic;
				CURRENT_PROJECT_VERSION = 1;
				DEVELOPMENT_ASSET_PATHS = "\"doctor-ai/Preview Content\"";
				DEVELOPMENT_TEAM = ZVEFPT99T5;
				ENABLE_HARDENED_RUNTIME = YES;
				ENABLE_PREVIEWS = YES;
				GENERATE_INFOPLIST_FILE = YES;
				INFOPLIST_KEY_NSCameraUsageDescription = "We need access to the camera to allow you to capture images for medical reports.";
				"INFOPLIST_KEY_UIApplicationSceneManifest_Generation[sdk=iphoneos*]" = YES;
				"INFOPLIST_KEY_UIApplicationSceneManifest_Generation[sdk=iphonesimulator*]" = YES;
				"INFOPLIST_KEY_UIApplicationSupportsIndirectInputEvents[sdk=iphoneos*]" = YES;
				"INFOPLIST_KEY_UIApplicationSupportsIndirectInputEvents[sdk=iphonesimulator*]" = YES;
				"INFOPLIST_KEY_UILaunchScreen_Generation[sdk=iphoneos*]" = YES;
				"INFOPLIST_KEY_UILaunchScreen_Generation[sdk=iphonesimulator*]" = YES;
				"INFOPLIST_KEY_UIStatusBarStyle[sdk=iphoneos*]" = UIStatusBarStyleDefault;
				"INFOPLIST_KEY_UIStatusBarStyle[sdk=iphonesimulator*]" = UIStatusBarStyleDefault;
				INFOPLIST_KEY_UISupportedInterfaceOrientations_iPad = "UIInterfaceOrientationPortrait UIInterfaceOrientationPortraitUpsideDown UIInterfaceOrientationLandscapeLeft UIInterfaceOrientationLandscapeRight";
				INFOPLIST_KEY_UISupportedInterfaceOrientations_iPhone = "UIInterfaceOrientationPortrait UIInterfaceOrientationLandscapeLeft UIInterfaceOrientationLandscapeRight";
				IPHONEOS_DEPLOYMENT_TARGET = 17.0;
				LD_RUNPATH_SEARCH_PATHS = "@executable_path/Frameworks";
				"LD_RUNPATH_SEARCH_PATHS[sdk=macosx*]" = "@executable_path/../Frameworks";
				MACOSX_DEPLOYMENT_TARGET = 14.0;
				MARKETING_VERSION = 1.0;
				PRODUCT_BUNDLE_IDENTIFIER = "cogniti-sense.doctor-ai";
				PRODUCT_NAME = "$(TARGET_NAME)";
				SDKROOT = auto;
				SUPPORTED_PLATFORMS = "iphoneos iphonesimulator macosx xros xrsimulator";
				SWIFT_EMIT_LOC_STRINGS = YES;
				SWIFT_VERSION = 5.0;
				TARGETED_DEVICE_FAMILY = "1,2,7";
				XROS_DEPLOYMENT_TARGET = 1.2;
			};
			name = Release;
		};
		4E19DA822C39296D008AE90A /* Debug */ = {
			isa = XCBuildConfiguration;
			buildSettings = {
				BUNDLE_LOADER = "$(TEST_HOST)";
				CODE_SIGN_STYLE = Automatic;
				CURRENT_PROJECT_VERSION = 1;
				DEVELOPMENT_TEAM = ZVEFPT99T5;
				GENERATE_INFOPLIST_FILE = YES;
				IPHONEOS_DEPLOYMENT_TARGET = 18.0;
				MACOSX_DEPLOYMENT_TARGET = 15.0;
				MARKETING_VERSION = 1.0;
				PRODUCT_BUNDLE_IDENTIFIER = "cogniti-sense.doctor-aiTests";
				PRODUCT_NAME = "$(TARGET_NAME)";
				SDKROOT = auto;
				SUPPORTED_PLATFORMS = "iphoneos iphonesimulator macosx xros xrsimulator";
				SWIFT_EMIT_LOC_STRINGS = NO;
				SWIFT_VERSION = 5.0;
				TARGETED_DEVICE_FAMILY = "1,2,7";
				TEST_HOST = "$(BUILT_PRODUCTS_DIR)/doctor-ai.app/$(BUNDLE_EXECUTABLE_FOLDER_PATH)/doctor-ai";
				XROS_DEPLOYMENT_TARGET = 2.0;
			};
			name = Debug;
		};
		4E19DA832C39296D008AE90A /* Release */ = {
			isa = XCBuildConfiguration;
			buildSettings = {
				BUNDLE_LOADER = "$(TEST_HOST)";
				CODE_SIGN_STYLE = Automatic;
				CURRENT_PROJECT_VERSION = 1;
				DEVELOPMENT_TEAM = ZVEFPT99T5;
				GENERATE_INFOPLIST_FILE = YES;
				IPHONEOS_DEPLOYMENT_TARGET = 18.0;
				MACOSX_DEPLOYMENT_TARGET = 15.0;
				MARKETING_VERSION = 1.0;
				PRODUCT_BUNDLE_IDENTIFIER = "cogniti-sense.doctor-aiTests";
				PRODUCT_NAME = "$(TARGET_NAME)";
				SDKROOT = auto;
				SUPPORTED_PLATFORMS = "iphoneos iphonesimulator macosx xros xrsimulator";
				SWIFT_EMIT_LOC_STRINGS = NO;
				SWIFT_VERSION = 5.0;
				TARGETED_DEVICE_FAMILY = "1,2,7";
				TEST_HOST = "$(BUILT_PRODUCTS_DIR)/doctor-ai.app/$(BUNDLE_EXECUTABLE_FOLDER_PATH)/doctor-ai";
				XROS_DEPLOYMENT_TARGET = 2.0;
			};
			name = Release;
		};
		4E19DA852C39296D008AE90A /* Debug */ = {
			isa = XCBuildConfiguration;
			buildSettings = {
				CODE_SIGN_STYLE = Automatic;
				CURRENT_PROJECT_VERSION = 1;
				DEVELOPMENT_TEAM = ZVEFPT99T5;
				GENERATE_INFOPLIST_FILE = YES;
				IPHONEOS_DEPLOYMENT_TARGET = 18.0;
				MACOSX_DEPLOYMENT_TARGET = 15.0;
				MARKETING_VERSION = 1.0;
				PRODUCT_BUNDLE_IDENTIFIER = "cogniti-sense.doctor-aiUITests";
				PRODUCT_NAME = "$(TARGET_NAME)";
				SDKROOT = auto;
				SUPPORTED_PLATFORMS = "iphoneos iphonesimulator macosx xros xrsimulator";
				SWIFT_EMIT_LOC_STRINGS = NO;
				SWIFT_VERSION = 5.0;
				TARGETED_DEVICE_FAMILY = "1,2,7";
				TEST_TARGET_NAME = "doctor-ai";
				XROS_DEPLOYMENT_TARGET = 2.0;
			};
			name = Debug;
		};
		4E19DA862C39296D008AE90A /* Release */ = {
			isa = XCBuildConfiguration;
			buildSettings = {
				CODE_SIGN_STYLE = Automatic;
				CURRENT_PROJECT_VERSION = 1;
				DEVELOPMENT_TEAM = ZVEFPT99T5;
				GENERATE_INFOPLIST_FILE = YES;
				IPHONEOS_DEPLOYMENT_TARGET = 18.0;
				MACOSX_DEPLOYMENT_TARGET = 15.0;
				MARKETING_VERSION = 1.0;
				PRODUCT_BUNDLE_IDENTIFIER = "cogniti-sense.doctor-aiUITests";
				PRODUCT_NAME = "$(TARGET_NAME)";
				SDKROOT = auto;
				SUPPORTED_PLATFORMS = "iphoneos iphonesimulator macosx xros xrsimulator";
				SWIFT_EMIT_LOC_STRINGS = NO;
				SWIFT_VERSION = 5.0;
				TARGETED_DEVICE_FAMILY = "1,2,7";
				TEST_TARGET_NAME = "doctor-ai";
				XROS_DEPLOYMENT_TARGET = 2.0;
			};
			name = Release;
		};
/* End XCBuildConfiguration section */

/* Begin XCConfigurationList section */
		4E19DA4F2C39296C008AE90A /* Build configuration list for PBXProject "doctor-ai" */ = {
			isa = XCConfigurationList;
			buildConfigurations = (
				4E19DA7C2C39296D008AE90A /* Debug */,
				4E19DA7D2C39296D008AE90A /* Release */,
			);
			defaultConfigurationIsVisible = 0;
			defaultConfigurationName = Release;
		};
		4E19DA7E2C39296D008AE90A /* Build configuration list for PBXNativeTarget "doctor-ai" */ = {
			isa = XCConfigurationList;
			buildConfigurations = (
				4E19DA7F2C39296D008AE90A /* Debug */,
				4E19DA802C39296D008AE90A /* Release */,
			);
			defaultConfigurationIsVisible = 0;
			defaultConfigurationName = Release;
		};
		4E19DA812C39296D008AE90A /* Build configuration list for PBXNativeTarget "doctor-aiTests" */ = {
			isa = XCConfigurationList;
			buildConfigurations = (
				4E19DA822C39296D008AE90A /* Debug */,
				4E19DA832C39296D008AE90A /* Release */,
			);
			defaultConfigurationIsVisible = 0;
			defaultConfigurationName = Release;
		};
		4E19DA842C39296D008AE90A /* Build configuration list for PBXNativeTarget "doctor-aiUITests" */ = {
			isa = XCConfigurationList;
			buildConfigurations = (
				4E19DA852C39296D008AE90A /* Debug */,
				4E19DA862C39296D008AE90A /* Release */,
			);
			defaultConfigurationIsVisible = 0;
			defaultConfigurationName = Release;
		};
/* End XCConfigurationList section */

/* Begin XCRemoteSwiftPackageReference section */
		4E6B4E052C57CD5800D7D3D1 /* XCRemoteSwiftPackageReference "supabase-swift" */ = {
			isa = XCRemoteSwiftPackageReference;
			repositoryURL = "https://github.com/supabase-community/supabase-swift";
			requirement = {
				kind = upToNextMajorVersion;
				minimumVersion = 2.5.1;
			};
		};
/* End XCRemoteSwiftPackageReference section */

/* Begin XCSwiftPackageProductDependency section */
		4E6B4E092C57D36A00D7D3D1 /* Supabase */ = {
			isa = XCSwiftPackageProductDependency;
			package = 4E6B4E052C57CD5800D7D3D1 /* XCRemoteSwiftPackageReference "supabase-swift" */;
			productName = Supabase;
		};
/* End XCSwiftPackageProductDependency section */

/* Begin XCVersionGroup section */
		4E19DA5B2C39296C008AE90A /* doctor_ai.xcdatamodeld */ = {
			isa = XCVersionGroup;
			children = (
				4E19DA5C2C39296C008AE90A /* doctor_ai.xcdatamodel */,
			);
			currentVersion = 4E19DA5C2C39296C008AE90A /* doctor_ai.xcdatamodel */;
			path = doctor_ai.xcdatamodeld;
			sourceTree = "<group>";
			versionGroupType = wrapper.xcdatamodel;
		};
/* End XCVersionGroup section */
	};
	rootObject = 4E19DA4C2C39296C008AE90A /* Project object */;
}
